
Microsoft Visual Studio Solution File, Format Version 12.00
# Visual Studio Version 17
VisualStudioVersion = 17.9.34714.143
MinimumVisualStudioVersion = 10.0.40219.1
Project("{9A19103F-16F7-4668-BE54-9A1E7A4F7556}") = "TaxiApp.WebApi", "TaxiApp.WebApi\TaxiApp.WebApi.csproj", "{5168870B-86FC-49A5-8A99-220047094469}"
EndProject
Project("{9A19103F-16F7-4668-BE54-9A1E7A4F7556}") = "TaxiApp.Application", "TaxiApp.Application\TaxiApp.Application.csproj", "{66B890C8-D2C1-4F65-AA39-156C1BECED88}"
EndProject
Project("{9A19103F-16F7-4668-BE54-9A1E7A4F7556}") = "TaxiApp.Domain", "TaxiApp.Domain\TaxiApp.Domain.csproj", "{56F4B3A0-B445-4D37-A044-47890EEB2883}"
EndProject
Project("{9A19103F-16F7-4668-BE54-9A1E7A4F7556}") = "TaxiApp.Infrastructure", "TaxiApp.Infrastructure\TaxiApp.Infrastructure.csproj", "{0E73B38E-8276-45E6-BE8A-A2BE1E2915B7}"
EndProject
Project("{9A19103F-16F7-4668-BE54-9A1E7A4F7556}") = "TaxiApp.Persistence", "TaxiApp.Persistence\TaxiApp.Persistence.csproj", "{BC753305-E151-43D4-826D-F7E4E42F12F1}"
EndProject
Project("{FAE04EC0-301F-11D3-BF4B-00C04F79EFBC}") = "TaxiApp.Kernel", "TaxiApp.Kernel\TaxiApp.Kernel.csproj", "{9D2453D3-9FAE-4E04-9FE5-74471B454971}"
EndProject
Global
	GlobalSection(SolutionConfigurationPlatforms) = preSolution
		Debug|Any CPU = Debug|Any CPU
		Release|Any CPU = Release|Any CPU
	EndGlobalSection
	GlobalSection(ProjectConfigurationPlatforms) = postSolution
		{5168870B-86FC-49A5-8A99-220047094469}.Debug|Any CPU.ActiveCfg = Debug|Any CPU
		{5168870B-86FC-49A5-8A99-220047094469}.Debug|Any CPU.Build.0 = Debug|Any CPU
		{5168870B-86FC-49A5-8A99-220047094469}.Release|Any CPU.ActiveCfg = Release|Any CPU
		{5168870B-86FC-49A5-8A99-220047094469}.Release|Any CPU.Build.0 = Release|Any CPU
		{66B890C8-D2C1-4F65-AA39-156C1BECED88}.Debug|Any CPU.ActiveCfg = Debug|Any CPU
		{66B890C8-D2C1-4F65-AA39-156C1BECED88}.Debug|Any CPU.Build.0 = Debug|Any CPU
		{66B890C8-D2C1-4F65-AA39-156C1BECED88}.Release|Any CPU.ActiveCfg = Release|Any CPU
		{66B890C8-D2C1-4F65-AA39-156C1BECED88}.Release|Any CPU.Build.0 = Release|Any CPU
		{56F4B3A0-B445-4D37-A044-47890EEB2883}.Debug|Any CPU.ActiveCfg = Debug|Any CPU
		{56F4B3A0-B445-4D37-A044-47890EEB2883}.Debug|Any CPU.Build.0 = Debug|Any CPU
		{56F4B3A0-B445-4D37-A044-47890EEB2883}.Release|Any CPU.ActiveCfg = Release|Any CPU
		{56F4B3A0-B445-4D37-A044-47890EEB2883}.Release|Any CPU.Build.0 = Release|Any CPU
		{0E73B38E-8276-45E6-BE8A-A2BE1E2915B7}.Debug|Any CPU.ActiveCfg = Debug|Any CPU
		{0E73B38E-8276-45E6-BE8A-A2BE1E2915B7}.Debug|Any CPU.Build.0 = Debug|Any CPU
		{0E73B38E-8276-45E6-BE8A-A2BE1E2915B7}.Release|Any CPU.ActiveCfg = Release|Any CPU
		{0E73B38E-8276-45E6-BE8A-A2BE1E2915B7}.Release|Any CPU.Build.0 = Release|Any CPU
		{BC753305-E151-43D4-826D-F7E4E42F12F1}.Debug|Any CPU.ActiveCfg = Debug|Any CPU
		{BC753305-E151-43D4-826D-F7E4E42F12F1}.Debug|Any CPU.Build.0 = Debug|Any CPU
		{BC753305-E151-43D4-826D-F7E4E42F12F1}.Release|Any CPU.ActiveCfg = Release|Any CPU
		{BC753305-E151-43D4-826D-F7E4E42F12F1}.Release|Any CPU.Build.0 = Release|Any CPU
		{9D2453D3-9FAE-4E04-9FE5-74471B454971}.Debug|Any CPU.ActiveCfg = Debug|Any CPU
		{9D2453D3-9FAE-4E04-9FE5-74471B454971}.Debug|Any CPU.Build.0 = Debug|Any CPU
		{9D2453D3-9FAE-4E04-9FE5-74471B454971}.Release|Any CPU.ActiveCfg = Release|Any CPU
		{9D2453D3-9FAE-4E04-9FE5-74471B454971}.Release|Any CPU.Build.0 = Release|Any CPU
	EndGlobalSection
	GlobalSection(SolutionProperties) = preSolution
		HideSolutionNode = FALSE
	EndGlobalSection
	GlobalSection(ExtensibilityGlobals) = postSolution
		SolutionGuid = {16E3D431-CA32-4049-9ED9-CD1215EE903D}
	EndGlobalSection
EndGlobal
